
Microsoft Visual Studio Solution File, Format Version 12.00
# Visual Studio Version 16
VisualStudioVersion = 16.0.30413.136
MinimumVisualStudioVersion = 10.0.40219.1
Project("{FAE04EC0-301F-11D3-BF4B-00C04F79EFBC}") = "EXAMEN FINAL", "EXAMEN FINAL.csproj", "{50FAB5C5-6354-4321-BF06-FDAE377C8C96}"
EndProject
Global
	GlobalSection(SolutionConfigurationPlatforms) = preSolution
		Debug|Any CPU = Debug|Any CPU
		Release|Any CPU = Release|Any CPU
	EndGlobalSection
	GlobalSection(ProjectConfigurationPlatforms) = postSolution
		{50FAB5C5-6354-4321-BF06-FDAE377C8C96}.Debug|Any CPU.ActiveCfg = Debug|Any CPU
		{50FAB5C5-6354-4321-BF06-FDAE377C8C96}.Debug|Any CPU.Build.0 = Debug|Any CPU
		{50FAB5C5-6354-4321-BF06-FDAE377C8C96}.Release|Any CPU.ActiveCfg = Release|Any CPU
		{50FAB5C5-6354-4321-BF06-FDAE377C8C96}.Release|Any CPU.Build.0 = Release|Any CPU
	EndGlobalSection
	GlobalSection(SolutionProperties) = preSolution
		HideSolutionNode = FALSE
	EndGlobalSection
	GlobalSection(ExtensibilityGlobals) = postSolution
		SolutionGuid = {259AB73E-FED9-46DF-81C3-5FB579406FF5}
	EndGlobalSection
EndGlobal
